
Microsoft Visual Studio Solution File, Format Version 12.00
# Visual Studio 2013
VisualStudioVersion = 12.0.21005.1
MinimumVisualStudioVersion = 10.0.40219.1
Project("{FAE04EC0-301F-11D3-BF4B-00C04F79EFBC}") = "Backend", "Backend\Backend.csproj", "{20AF548A-0E25-4D53-AAF3-D37BAB09EBBD}"
EndProject
Project("{FAE04EC0-301F-11D3-BF4B-00C04F79EFBC}") = "Frontend", "..\Frontend\Frontend.csproj", "{DD4AFCF0-4517-4BD6-A742-00FA6C9CD09A}"
EndProject
Global
	GlobalSection(SolutionConfigurationPlatforms) = preSolution
		Debug|Any CPU = Debug|Any CPU
		Release|Any CPU = Release|Any CPU
	EndGlobalSection
	GlobalSection(ProjectConfigurationPlatforms) = postSolution
		{20AF548A-0E25-4D53-AAF3-D37BAB09EBBD}.Debug|Any CPU.ActiveCfg = Debug|Any CPU
		{20AF548A-0E25-4D53-AAF3-D37BAB09EBBD}.Debug|Any CPU.Build.0 = Debug|Any CPU
		{20AF548A-0E25-4D53-AAF3-D37BAB09EBBD}.Release|Any CPU.ActiveCfg = Release|Any CPU
		{20AF548A-0E25-4D53-AAF3-D37BAB09EBBD}.Release|Any CPU.Build.0 = Release|Any CPU
		{DD4AFCF0-4517-4BD6-A742-00FA6C9CD09A}.Debug|Any CPU.ActiveCfg = Debug|Any CPU
		{DD4AFCF0-4517-4BD6-A742-00FA6C9CD09A}.Debug|Any CPU.Build.0 = Debug|Any CPU
		{DD4AFCF0-4517-4BD6-A742-00FA6C9CD09A}.Release|Any CPU.ActiveCfg = Release|Any CPU
		{DD4AFCF0-4517-4BD6-A742-00FA6C9CD09A}.Release|Any CPU.Build.0 = Release|Any CPU
	EndGlobalSection
	GlobalSection(SolutionProperties) = preSolution
		HideSolutionNode = FALSE
	EndGlobalSection
EndGlobal
